{
  "name": "javascript",
  "lockfileVersion": 3,
  "requires": true,
  "packages": {
    "": {
      "dependencies": {
        "vittorix-utils": "^1.0.3"
      }
    },
    "node_modules/vittorix-utils": {
      "version": "1.0.3",
      "resolved": "https://registry.npmjs.org/vittorix-utils/-/vittorix-utils-1.0.3.tgz",
      "integrity": "sha512-BtWNuCrDy91owSmJYDav34nYYpNM3K7tUWT/TSWYUniUwQg2U2vu7TErJwdgNHEFcHfqMCNbXyvUcD9dDP/W/A=="
    }
  }
}
