{
  "name": "javascript",
  "lockfileVersion": 3,
  "requires": true,
  "packages": {
    "": {
      "dependencies": {
        "vittorix-utils": "^1.0.5"
      }
    },
    "node_modules/vittorix-utils": {
      "version": "1.0.5",
      "resolved": "https://registry.npmjs.org/vittorix-utils/-/vittorix-utils-1.0.5.tgz",
      "integrity": "sha512-duT+3goLAkxBrE+M3lXOvBGHhRlcZACbIxvt6sjq1I6X5+DAIh/O7vu5jeqsxkpY4bF4Z9UO8+cVyt4UNCrOiQ=="
    }
  }
}
